
Microsoft Visual Studio Solution File, Format Version 12.00
# Visual Studio Version 16
VisualStudioVersion = 16.0.31019.35
MinimumVisualStudioVersion = 10.0.40219.1
Project("{FAE04EC0-301F-11D3-BF4B-00C04F79EFBC}") = "API_LES", "API_LES\API_LES.csproj", "{A321FF9E-58A6-4834-956F-07E743E0132E}"
EndProject
Project("{FAE04EC0-301F-11D3-BF4B-00C04F79EFBC}") = "API_Test", "API_Test\API_Test.csproj", "{471D7796-442C-4A20-928F-A995588741A1}"
EndProject
Global
	GlobalSection(SolutionConfigurationPlatforms) = preSolution
		Debug|Any CPU = Debug|Any CPU
		Release|Any CPU = Release|Any CPU
	EndGlobalSection
	GlobalSection(ProjectConfigurationPlatforms) = postSolution
		{A321FF9E-58A6-4834-956F-07E743E0132E}.Debug|Any CPU.ActiveCfg = Debug|Any CPU
		{A321FF9E-58A6-4834-956F-07E743E0132E}.Debug|Any CPU.Build.0 = Debug|Any CPU
		{A321FF9E-58A6-4834-956F-07E743E0132E}.Release|Any CPU.ActiveCfg = Release|Any CPU
		{A321FF9E-58A6-4834-956F-07E743E0132E}.Release|Any CPU.Build.0 = Release|Any CPU
		{471D7796-442C-4A20-928F-A995588741A1}.Debug|Any CPU.ActiveCfg = Debug|Any CPU
		{471D7796-442C-4A20-928F-A995588741A1}.Debug|Any CPU.Build.0 = Debug|Any CPU
		{471D7796-442C-4A20-928F-A995588741A1}.Release|Any CPU.ActiveCfg = Release|Any CPU
		{471D7796-442C-4A20-928F-A995588741A1}.Release|Any CPU.Build.0 = Release|Any CPU
	EndGlobalSection
	GlobalSection(SolutionProperties) = preSolution
		HideSolutionNode = FALSE
	EndGlobalSection
	GlobalSection(ExtensibilityGlobals) = postSolution
		SolutionGuid = {04F6E04B-35CB-4D58-B4DA-6D45C533F92E}
	EndGlobalSection
EndGlobal
